
Microsoft Visual Studio Solution File, Format Version 12.00
Project("{FAE04EC0-301F-11D3-BF4B-00C04F79EFBC}") = "BasicRAG1", "Basic\BasicRAG1\BasicRAG1.csproj", "{805A74E4-3EEA-41BE-95E9-03C9063F4C2E}"
EndProject
Project("{2150E333-8FDC-42A3-9474-1A3956D46DE8}") = "Basic", "Basic", "{A04CFD48-6FCD-4620-9823-70692E61E429}"
EndProject
Project("{FAE04EC0-301F-11D3-BF4B-00C04F79EFBC}") = "FunctionCalling1", "Basic\FunctionCalling1\FunctionCalling1.csproj", "{E7DE2F32-29B1-4102-AE1B-9732BFCA6BFD}"
EndProject
Project("{FAE04EC0-301F-11D3-BF4B-00C04F79EFBC}") = "MultipleFunctionCalling2", "Basic\MultipleFunctionCalling2\MultipleFunctionCalling2.csproj", "{5BE57F91-9692-47A0-84CA-0E0775A51073}"
EndProject
Project("{2150E333-8FDC-42A3-9474-1A3956D46DE8}") = "Apps", "Apps", "{E1512466-A54D-422F-923C-FAB4A853FF15}"
EndProject
Project("{FAE04EC0-301F-11D3-BF4B-00C04F79EFBC}") = "StatefulChat1", "Basic\StatefulChat1\StatefulChat1.csproj", "{FDD02010-7F0B-4D04-BC0C-9D4A697DDF09}"
EndProject
Global
	GlobalSection(SolutionConfigurationPlatforms) = preSolution
		Debug|Any CPU = Debug|Any CPU
		Debug|x64 = Debug|x64
		Debug|x86 = Debug|x86
		Release|Any CPU = Release|Any CPU
		Release|x64 = Release|x64
		Release|x86 = Release|x86
	EndGlobalSection
	GlobalSection(ProjectConfigurationPlatforms) = postSolution
		{805A74E4-3EEA-41BE-95E9-03C9063F4C2E}.Debug|Any CPU.ActiveCfg = Debug|Any CPU
		{805A74E4-3EEA-41BE-95E9-03C9063F4C2E}.Debug|Any CPU.Build.0 = Debug|Any CPU
		{805A74E4-3EEA-41BE-95E9-03C9063F4C2E}.Debug|x64.ActiveCfg = Debug|Any CPU
		{805A74E4-3EEA-41BE-95E9-03C9063F4C2E}.Debug|x64.Build.0 = Debug|Any CPU
		{805A74E4-3EEA-41BE-95E9-03C9063F4C2E}.Debug|x86.ActiveCfg = Debug|Any CPU
		{805A74E4-3EEA-41BE-95E9-03C9063F4C2E}.Debug|x86.Build.0 = Debug|Any CPU
		{805A74E4-3EEA-41BE-95E9-03C9063F4C2E}.Release|Any CPU.ActiveCfg = Release|Any CPU
		{805A74E4-3EEA-41BE-95E9-03C9063F4C2E}.Release|Any CPU.Build.0 = Release|Any CPU
		{805A74E4-3EEA-41BE-95E9-03C9063F4C2E}.Release|x64.ActiveCfg = Release|Any CPU
		{805A74E4-3EEA-41BE-95E9-03C9063F4C2E}.Release|x64.Build.0 = Release|Any CPU
		{805A74E4-3EEA-41BE-95E9-03C9063F4C2E}.Release|x86.ActiveCfg = Release|Any CPU
		{805A74E4-3EEA-41BE-95E9-03C9063F4C2E}.Release|x86.Build.0 = Release|Any CPU
		{E7DE2F32-29B1-4102-AE1B-9732BFCA6BFD}.Debug|Any CPU.ActiveCfg = Debug|Any CPU
		{E7DE2F32-29B1-4102-AE1B-9732BFCA6BFD}.Debug|Any CPU.Build.0 = Debug|Any CPU
		{E7DE2F32-29B1-4102-AE1B-9732BFCA6BFD}.Debug|x64.ActiveCfg = Debug|Any CPU
		{E7DE2F32-29B1-4102-AE1B-9732BFCA6BFD}.Debug|x64.Build.0 = Debug|Any CPU
		{E7DE2F32-29B1-4102-AE1B-9732BFCA6BFD}.Debug|x86.ActiveCfg = Debug|Any CPU
		{E7DE2F32-29B1-4102-AE1B-9732BFCA6BFD}.Debug|x86.Build.0 = Debug|Any CPU
		{E7DE2F32-29B1-4102-AE1B-9732BFCA6BFD}.Release|Any CPU.ActiveCfg = Release|Any CPU
		{E7DE2F32-29B1-4102-AE1B-9732BFCA6BFD}.Release|Any CPU.Build.0 = Release|Any CPU
		{E7DE2F32-29B1-4102-AE1B-9732BFCA6BFD}.Release|x64.ActiveCfg = Release|Any CPU
		{E7DE2F32-29B1-4102-AE1B-9732BFCA6BFD}.Release|x64.Build.0 = Release|Any CPU
		{E7DE2F32-29B1-4102-AE1B-9732BFCA6BFD}.Release|x86.ActiveCfg = Release|Any CPU
		{E7DE2F32-29B1-4102-AE1B-9732BFCA6BFD}.Release|x86.Build.0 = Release|Any CPU
		{5BE57F91-9692-47A0-84CA-0E0775A51073}.Debug|Any CPU.ActiveCfg = Debug|Any CPU
		{5BE57F91-9692-47A0-84CA-0E0775A51073}.Debug|Any CPU.Build.0 = Debug|Any CPU
		{5BE57F91-9692-47A0-84CA-0E0775A51073}.Debug|x64.ActiveCfg = Debug|Any CPU
		{5BE57F91-9692-47A0-84CA-0E0775A51073}.Debug|x64.Build.0 = Debug|Any CPU
		{5BE57F91-9692-47A0-84CA-0E0775A51073}.Debug|x86.ActiveCfg = Debug|Any CPU
		{5BE57F91-9692-47A0-84CA-0E0775A51073}.Debug|x86.Build.0 = Debug|Any CPU
		{5BE57F91-9692-47A0-84CA-0E0775A51073}.Release|Any CPU.ActiveCfg = Release|Any CPU
		{5BE57F91-9692-47A0-84CA-0E0775A51073}.Release|Any CPU.Build.0 = Release|Any CPU
		{5BE57F91-9692-47A0-84CA-0E0775A51073}.Release|x64.ActiveCfg = Release|Any CPU
		{5BE57F91-9692-47A0-84CA-0E0775A51073}.Release|x64.Build.0 = Release|Any CPU
		{5BE57F91-9692-47A0-84CA-0E0775A51073}.Release|x86.ActiveCfg = Release|Any CPU
		{5BE57F91-9692-47A0-84CA-0E0775A51073}.Release|x86.Build.0 = Release|Any CPU
		{FDD02010-7F0B-4D04-BC0C-9D4A697DDF09}.Debug|Any CPU.ActiveCfg = Debug|Any CPU
		{FDD02010-7F0B-4D04-BC0C-9D4A697DDF09}.Debug|Any CPU.Build.0 = Debug|Any CPU
		{FDD02010-7F0B-4D04-BC0C-9D4A697DDF09}.Debug|x64.ActiveCfg = Debug|Any CPU
		{FDD02010-7F0B-4D04-BC0C-9D4A697DDF09}.Debug|x64.Build.0 = Debug|Any CPU
		{FDD02010-7F0B-4D04-BC0C-9D4A697DDF09}.Debug|x86.ActiveCfg = Debug|Any CPU
		{FDD02010-7F0B-4D04-BC0C-9D4A697DDF09}.Debug|x86.Build.0 = Debug|Any CPU
		{FDD02010-7F0B-4D04-BC0C-9D4A697DDF09}.Release|Any CPU.ActiveCfg = Release|Any CPU
		{FDD02010-7F0B-4D04-BC0C-9D4A697DDF09}.Release|Any CPU.Build.0 = Release|Any CPU
		{FDD02010-7F0B-4D04-BC0C-9D4A697DDF09}.Release|x64.ActiveCfg = Release|Any CPU
		{FDD02010-7F0B-4D04-BC0C-9D4A697DDF09}.Release|x64.Build.0 = Release|Any CPU
		{FDD02010-7F0B-4D04-BC0C-9D4A697DDF09}.Release|x86.ActiveCfg = Release|Any CPU
		{FDD02010-7F0B-4D04-BC0C-9D4A697DDF09}.Release|x86.Build.0 = Release|Any CPU
	EndGlobalSection
	GlobalSection(SolutionProperties) = preSolution
		HideSolutionNode = FALSE
	EndGlobalSection
	GlobalSection(NestedProjects) = preSolution
		{805A74E4-3EEA-41BE-95E9-03C9063F4C2E} = {A04CFD48-6FCD-4620-9823-70692E61E429}
		{E7DE2F32-29B1-4102-AE1B-9732BFCA6BFD} = {A04CFD48-6FCD-4620-9823-70692E61E429}
		{5BE57F91-9692-47A0-84CA-0E0775A51073} = {A04CFD48-6FCD-4620-9823-70692E61E429}
		{FDD02010-7F0B-4D04-BC0C-9D4A697DDF09} = {A04CFD48-6FCD-4620-9823-70692E61E429}
	EndGlobalSection
EndGlobal
