Microsoft Visual Studio Solution File, Format Version 12.00
Project("{FAE04EC0-301F-11D3-BF4B-00C04F79EFBC}") = "BasicRAG1", "Basic\BasicRAG1\BasicRAG1.csproj", "{805A74E4-3EEA-41BE-95E9-03C9063F4C2E}"
EndProject
Project("{2150E333-8FDC-42A3-9474-1A3956D46DE8}") = "Basic", "Basic", "{A04CFD48-6FCD-4620-9823-70692E61E429}"
EndProject
Project("{FAE04EC0-301F-11D3-BF4B-00C04F79EFBC}") = "FunctionCalling1", "Basic\FunctionCalling1\FunctionCalling1.csproj", "{E7DE2F32-29B1-4102-AE1B-9732BFCA6BFD}"
EndProject
Project("{FAE04EC0-301F-11D3-BF4B-00C04F79EFBC}") = "MultipleFunctionCalling2", "Basic\MultipleFunctionCalling2\MultipleFunctionCalling2.csproj", "{5BE57F91-9692-47A0-84CA-0E0775A51073}"
EndProject
Project("{2150E333-8FDC-42A3-9474-1A3956D46DE8}") = "Apps", "Apps", "{E1512466-A54D-422F-923C-FAB4A853FF15}"
EndProject
Project("{FAE04EC0-301F-11D3-BF4B-00C04F79EFBC}") = "StatefulChat1", "Basic\StatefulChat1\StatefulChat1.csproj", "{FDD02010-7F0B-4D04-BC0C-9D4A697DDF09}"
EndProject
Project("{FAE04EC0-301F-11D3-BF4B-00C04F79EFBC}") = "AgenticRAG1", "Basic\AgenticRAG1\AgenticRAG1.csproj", "{C1CD8F44-3735-4CEC-B175-8BE6A85CD658}"
EndProject
Project("{FAE04EC0-301F-11D3-BF4B-00C04F79EFBC}") = "CallAIWithHttpClient1", "Basic\CallAIWithHttpClient1\CallAIWithHttpClient1.csproj", "{8D09263F-53AB-4745-A944-725E5DC3060A}"
EndProject
Project("{FAE04EC0-301F-11D3-BF4B-00C04F79EFBC}") = "CallAiWithMicrosoft_Extensions_AI1", "Basic\CallAiWithMicrosoft_Extensions_AI1\CallAiWithMicrosoft_Extensions_AI1.csproj", "{23BC2A14-7BC5-4419-B724-D43267678E45}"
EndProject
Project("{2150E333-8FDC-42A3-9474-1A3956D46DE8}") = "LiveCode", "LiveCode", "{DE348433-0D0F-4B6B-A9AB-65F7547C3D32}"
EndProject
Project("{FAE04EC0-301F-11D3-BF4B-00C04F79EFBC}") = "FirstAICallWithHttpClient", "LiveCode\FirstAICallWithHttpClient\FirstAICallWithHttpClient.csproj", "{299AB051-B972-47C4-8B97-B7D935C599B8}"
EndProject
Project("{FAE04EC0-301F-11D3-BF4B-00C04F79EFBC}") = "AIIsStateless1", "Basic\AIIsStateless1\AIIsStateless1.csproj", "{E65BB3C2-ADE6-4F17-A5B5-AD1CE90AB9C3}"
EndProject
Project("{FAE04EC0-301F-11D3-BF4B-00C04F79EFBC}") = "EmbeddingDemo1", "Basic\EmbeddingDemo1\EmbeddingDemo1.csproj", "{B8F3C2A5-1D4E-4F9A-9B3C-7E6D8F2A1B5C}"
EndProject
Global
	GlobalSection(SolutionConfigurationPlatforms) = preSolution
		Debug|Any CPU = Debug|Any CPU
		Debug|x64 = Debug|x64
		Debug|x86 = Debug|x86
		Release|Any CPU = Release|Any CPU
		Release|x64 = Release|x64
		Release|x86 = Release|x86
	EndGlobalSection
	GlobalSection(ProjectConfigurationPlatforms) = postSolution
		{805A74E4-3EEA-41BE-95E9-03C9063F4C2E}.Debug|Any CPU.ActiveCfg = Debug|Any CPU
		{805A74E4-3EEA-41BE-95E9-03C9063F4C2E}.Debug|Any CPU.Build.0 = Debug|Any CPU
		{805A74E4-3EEA-41BE-95E9-03C9063F4C2E}.Debug|x64.ActiveCfg = Debug|Any CPU
		{805A74E4-3EEA-41BE-95E9-03C9063F4C2E}.Debug|x64.Build.0 = Debug|Any CPU
		{805A74E4-3EEA-41BE-95E9-03C9063F4C2E}.Debug|x86.ActiveCfg = Debug|Any CPU
		{805A74E4-3EEA-41BE-95E9-03C9063F4C2E}.Debug|x86.Build.0 = Debug|Any CPU
		{805A74E4-3EEA-41BE-95E9-03C9063F4C2E}.Release|Any CPU.ActiveCfg = Release|Any CPU
		{805A74E4-3EEA-41BE-95E9-03C9063F4C2E}.Release|Any CPU.Build.0 = Release|Any CPU
		{805A74E4-3EEA-41BE-95E9-03C9063F4C2E}.Release|x64.ActiveCfg = Release|Any CPU
		{805A74E4-3EEA-41BE-95E9-03C9063F4C2E}.Release|x64.Build.0 = Release|Any CPU
		{805A74E4-3EEA-41BE-95E9-03C9063F4C2E}.Release|x86.ActiveCfg = Release|Any CPU
		{805A74E4-3EEA-41BE-95E9-03C9063F4C2E}.Release|x86.Build.0 = Release|Any CPU
		{E7DE2F32-29B1-4102-AE1B-9732BFCA6BFD}.Debug|Any CPU.ActiveCfg = Debug|Any CPU
		{E7DE2F32-29B1-4102-AE1B-9732BFCA6BFD}.Debug|Any CPU.Build.0 = Debug|Any CPU
		{E7DE2F32-29B1-4102-AE1B-9732BFCA6BFD}.Debug|x64.ActiveCfg = Debug|Any CPU
		{E7DE2F32-29B1-4102-AE1B-9732BFCA6BFD}.Debug|x64.Build.0 = Debug|Any CPU
		{E7DE2F32-29B1-4102-AE1B-9732BFCA6BFD}.Debug|x86.ActiveCfg = Debug|Any CPU
		{E7DE2F32-29B1-4102-AE1B-9732BFCA6BFD}.Debug|x86.Build.0 = Debug|Any CPU
		{E7DE2F32-29B1-4102-AE1B-9732BFCA6BFD}.Release|Any CPU.ActiveCfg = Release|Any CPU
		{E7DE2F32-29B1-4102-AE1B-9732BFCA6BFD}.Release|Any CPU.Build.0 = Release|Any CPU
		{E7DE2F32-29B1-4102-AE1B-9732BFCA6BFD}.Release|x64.ActiveCfg = Release|Any CPU
		{E7DE2F32-29B1-4102-AE1B-9732BFCA6BFD}.Release|x64.Build.0 = Release|Any CPU
		{E7DE2F32-29B1-4102-AE1B-9732BFCA6BFD}.Release|x86.ActiveCfg = Release|Any CPU
		{E7DE2F32-29B1-4102-AE1B-9732BFCA6BFD}.Release|x86.Build.0 = Release|Any CPU
		{5BE57F91-9692-47A0-84CA-0E0775A51073}.Debug|Any CPU.ActiveCfg = Debug|Any CPU
		{5BE57F91-9692-47A0-84CA-0E0775A51073}.Debug|Any CPU.Build.0 = Debug|Any CPU
		{5BE57F91-9692-47A0-84CA-0E0775A51073}.Debug|x64.ActiveCfg = Debug|Any CPU
		{5BE57F91-9692-47A0-84CA-0E0775A51073}.Debug|x64.Build.0 = Debug|Any CPU
		{5BE57F91-9692-47A0-84CA-0E0775A51073}.Debug|x86.ActiveCfg = Debug|Any CPU
		{5BE57F91-9692-47A0-84CA-0E0775A51073}.Debug|x86.Build.0 = Debug|Any CPU
		{5BE57F91-9692-47A0-84CA-0E0775A51073}.Release|Any CPU.ActiveCfg = Release|Any CPU
		{5BE57F91-9692-47A0-84CA-0E0775A51073}.Release|Any CPU.Build.0 = Release|Any CPU
		{5BE57F91-9692-47A0-84CA-0E0775A51073}.Release|x64.ActiveCfg = Release|Any CPU
		{5BE57F91-9692-47A0-84CA-0E0775A51073}.Release|x64.Build.0 = Release|Any CPU
		{5BE57F91-9692-47A0-84CA-0E0775A51073}.Release|x86.ActiveCfg = Release|Any CPU
		{5BE57F91-9692-47A0-84CA-0E0775A51073}.Release|x86.Build.0 = Release|Any CPU
		{FDD02010-7F0B-4D04-BC0C-9D4A697DDF09}.Debug|Any CPU.ActiveCfg = Debug|Any CPU
		{FDD02010-7F0B-4D04-BC0C-9D4A697DDF09}.Debug|Any CPU.Build.0 = Debug|Any CPU
		{FDD02010-7F0B-4D04-BC0C-9D4A697DDF09}.Debug|x64.ActiveCfg = Debug|Any CPU
		{FDD02010-7F0B-4D04-BC0C-9D4A697DDF09}.Debug|x64.Build.0 = Debug|Any CPU
		{FDD02010-7F0B-4D04-BC0C-9D4A697DDF09}.Debug|x86.ActiveCfg = Debug|Any CPU
		{FDD02010-7F0B-4D04-BC0C-9D4A697DDF09}.Debug|x86.Build.0 = Debug|Any CPU
		{FDD02010-7F0B-4D04-BC0C-9D4A697DDF09}.Release|Any CPU.ActiveCfg = Release|Any CPU
		{FDD02010-7F0B-4D04-BC0C-9D4A697DDF09}.Release|Any CPU.Build.0 = Release|Any CPU
		{FDD02010-7F0B-4D04-BC0C-9D4A697DDF09}.Release|x64.ActiveCfg = Release|Any CPU
		{FDD02010-7F0B-4D04-BC0C-9D4A697DDF09}.Release|x64.Build.0 = Release|Any CPU
		{FDD02010-7F0B-4D04-BC0C-9D4A697DDF09}.Release|x86.ActiveCfg = Release|Any CPU
		{FDD02010-7F0B-4D04-BC0C-9D4A697DDF09}.Release|x86.Build.0 = Release|Any CPU
		{C1CD8F44-3735-4CEC-B175-8BE6A85CD658}.Debug|Any CPU.ActiveCfg = Debug|Any CPU
		{C1CD8F44-3735-4CEC-B175-8BE6A85CD658}.Debug|Any CPU.Build.0 = Debug|Any CPU
		{C1CD8F44-3735-4CEC-B175-8BE6A85CD658}.Debug|x64.ActiveCfg = Debug|Any CPU
		{C1CD8F44-3735-4CEC-B175-8BE6A85CD658}.Debug|x64.Build.0 = Debug|Any CPU
		{C1CD8F44-3735-4CEC-B175-8BE6A85CD658}.Debug|x86.ActiveCfg = Debug|Any CPU
		{C1CD8F44-3735-4CEC-B175-8BE6A85CD658}.Debug|x86.Build.0 = Debug|Any CPU
		{C1CD8F44-3735-4CEC-B175-8BE6A85CD658}.Release|Any CPU.ActiveCfg = Release|Any CPU
		{C1CD8F44-3735-4CEC-B175-8BE6A85CD658}.Release|Any CPU.Build.0 = Release|Any CPU
		{C1CD8F44-3735-4CEC-B175-8BE6A85CD658}.Release|x64.ActiveCfg = Release|Any CPU
		{C1CD8F44-3735-4CEC-B175-8BE6A85CD658}.Release|x64.Build.0 = Release|Any CPU
		{C1CD8F44-3735-4CEC-B175-8BE6A85CD658}.Release|x86.ActiveCfg = Release|Any CPU
		{C1CD8F44-3735-4CEC-B175-8BE6A85CD658}.Release|x86.Build.0 = Release|Any CPU
		{8D09263F-53AB-4745-A944-725E5DC3060A}.Debug|Any CPU.ActiveCfg = Debug|Any CPU
		{8D09263F-53AB-4745-A944-725E5DC3060A}.Debug|Any CPU.Build.0 = Debug|Any CPU
		{8D09263F-53AB-4745-A944-725E5DC3060A}.Debug|x64.ActiveCfg = Debug|Any CPU
		{8D09263F-53AB-4745-A944-725E5DC3060A}.Debug|x64.Build.0 = Debug|Any CPU
		{8D09263F-53AB-4745-A944-725E5DC3060A}.Debug|x86.ActiveCfg = Debug|Any CPU
		{8D09263F-53AB-4745-A944-725E5DC3060A}.Debug|x86.Build.0 = Debug|Any CPU
		{8D09263F-53AB-4745-A944-725E5DC3060A}.Release|Any CPU.ActiveCfg = Release|Any CPU
		{8D09263F-53AB-4745-A944-725E5DC3060A}.Release|Any CPU.Build.0 = Release|Any CPU
		{8D09263F-53AB-4745-A944-725E5DC3060A}.Release|x64.ActiveCfg = Release|Any CPU
		{8D09263F-53AB-4745-A944-725E5DC3060A}.Release|x64.Build.0 = Release|Any CPU
		{8D09263F-53AB-4745-A944-725E5DC3060A}.Release|x86.ActiveCfg = Release|Any CPU
		{8D09263F-53AB-4745-A944-725E5DC3060A}.Release|x86.Build.0 = Release|Any CPU
		{23BC2A14-7BC5-4419-B724-D43267678E45}.Debug|Any CPU.ActiveCfg = Debug|Any CPU
		{23BC2A14-7BC5-4419-B724-D43267678E45}.Debug|Any CPU.Build.0 = Debug|Any CPU
		{23BC2A14-7BC5-4419-B724-D43267678E45}.Debug|x64.ActiveCfg = Debug|Any CPU
		{23BC2A14-7BC5-4419-B724-D43267678E45}.Debug|x64.Build.0 = Debug|Any CPU
		{23BC2A14-7BC5-4419-B724-D43267678E45}.Debug|x86.ActiveCfg = Debug|Any CPU
		{23BC2A14-7BC5-4419-B724-D43267678E45}.Debug|x86.Build.0 = Debug|Any CPU
		{23BC2A14-7BC5-4419-B724-D43267678E45}.Release|Any CPU.ActiveCfg = Release|Any CPU
		{23BC2A14-7BC5-4419-B724-D43267678E45}.Release|Any CPU.Build.0 = Release|Any CPU
		{23BC2A14-7BC5-4419-B724-D43267678E45}.Release|x64.ActiveCfg = Release|Any CPU
		{23BC2A14-7BC5-4419-B724-D43267678E45}.Release|x64.Build.0 = Release|Any CPU
		{23BC2A14-7BC5-4419-B724-D43267678E45}.Release|x86.ActiveCfg = Release|Any CPU
		{23BC2A14-7BC5-4419-B724-D43267678E45}.Release|x86.Build.0 = Release|Any CPU
		{299AB051-B972-47C4-8B97-B7D935C599B8}.Debug|Any CPU.ActiveCfg = Debug|Any CPU
		{299AB051-B972-47C4-8B97-B7D935C599B8}.Debug|Any CPU.Build.0 = Debug|Any CPU
		{299AB051-B972-47C4-8B97-B7D935C599B8}.Debug|x64.ActiveCfg = Debug|Any CPU
		{299AB051-B972-47C4-8B97-B7D935C599B8}.Debug|x64.Build.0 = Debug|Any CPU
		{299AB051-B972-47C4-8B97-B7D935C599B8}.Debug|x86.ActiveCfg = Debug|Any CPU
		{299AB051-B972-47C4-8B97-B7D935C599B8}.Debug|x86.Build.0 = Debug|Any CPU
		{299AB051-B972-47C4-8B97-B7D935C599B8}.Release|Any CPU.ActiveCfg = Release|Any CPU
		{299AB051-B972-47C4-8B97-B7D935C599B8}.Release|Any CPU.Build.0 = Release|Any CPU
		{299AB051-B972-47C4-8B97-B7D935C599B8}.Release|x64.ActiveCfg = Release|Any CPU
		{299AB051-B972-47C4-8B97-B7D935C599B8}.Release|x64.Build.0 = Release|Any CPU
		{299AB051-B972-47C4-8B97-B7D935C599B8}.Release|x86.ActiveCfg = Release|Any CPU
		{299AB051-B972-47C4-8B97-B7D935C599B8}.Release|x86.Build.0 = Release|Any CPU
		{E65BB3C2-ADE6-4F17-A5B5-AD1CE90AB9C3}.Debug|Any CPU.ActiveCfg = Debug|Any CPU
		{E65BB3C2-ADE6-4F17-A5B5-AD1CE90AB9C3}.Debug|Any CPU.Build.0 = Debug|Any CPU
		{E65BB3C2-ADE6-4F17-A5B5-AD1CE90AB9C3}.Debug|x64.ActiveCfg = Debug|Any CPU
		{E65BB3C2-ADE6-4F17-A5B5-AD1CE90AB9C3}.Debug|x64.Build.0 = Debug|Any CPU
		{E65BB3C2-ADE6-4F17-A5B5-AD1CE90AB9C3}.Debug|x86.ActiveCfg = Debug|Any CPU
		{E65BB3C2-ADE6-4F17-A5B5-AD1CE90AB9C3}.Debug|x86.Build.0 = Debug|Any CPU
		{E65BB3C2-ADE6-4F17-A5B5-AD1CE90AB9C3}.Release|Any CPU.ActiveCfg = Release|Any CPU
		{E65BB3C2-ADE6-4F17-A5B5-AD1CE90AB9C3}.Release|Any CPU.Build.0 = Release|Any CPU
		{E65BB3C2-ADE6-4F17-A5B5-AD1CE90AB9C3}.Release|x64.ActiveCfg = Release|Any CPU
		{E65BB3C2-ADE6-4F17-A5B5-AD1CE90AB9C3}.Release|x64.Build.0 = Release|Any CPU
		{E65BB3C2-ADE6-4F17-A5B5-AD1CE90AB9C3}.Release|x86.ActiveCfg = Release|Any CPU
		{E65BB3C2-ADE6-4F17-A5B5-AD1CE90AB9C3}.Release|x86.Build.0 = Release|Any CPU
		{B8F3C2A5-1D4E-4F9A-9B3C-7E6D8F2A1B5C}.Debug|Any CPU.ActiveCfg = Debug|Any CPU
		{B8F3C2A5-1D4E-4F9A-9B3C-7E6D8F2A1B5C}.Debug|Any CPU.Build.0 = Debug|Any CPU
		{B8F3C2A5-1D4E-4F9A-9B3C-7E6D8F2A1B5C}.Debug|x64.ActiveCfg = Debug|Any CPU
		{B8F3C2A5-1D4E-4F9A-9B3C-7E6D8F2A1B5C}.Debug|x64.Build.0 = Debug|Any CPU
		{B8F3C2A5-1D4E-4F9A-9B3C-7E6D8F2A1B5C}.Debug|x86.ActiveCfg = Debug|Any CPU
		{B8F3C2A5-1D4E-4F9A-9B3C-7E6D8F2A1B5C}.Debug|x86.Build.0 = Debug|Any CPU
		{B8F3C2A5-1D4E-4F9A-9B3C-7E6D8F2A1B5C}.Release|Any CPU.ActiveCfg = Release|Any CPU
		{B8F3C2A5-1D4E-4F9A-9B3C-7E6D8F2A1B5C}.Release|Any CPU.Build.0 = Release|Any CPU
		{B8F3C2A5-1D4E-4F9A-9B3C-7E6D8F2A1B5C}.Release|x64.ActiveCfg = Release|Any CPU
		{B8F3C2A5-1D4E-4F9A-9B3C-7E6D8F2A1B5C}.Release|x64.Build.0 = Release|Any CPU
		{B8F3C2A5-1D4E-4F9A-9B3C-7E6D8F2A1B5C}.Release|x86.ActiveCfg = Release|Any CPU
		{B8F3C2A5-1D4E-4F9A-9B3C-7E6D8F2A1B5C}.Release|x86.Build.0 = Release|Any CPU
	EndGlobalSection
	GlobalSection(SolutionProperties) = preSolution
		HideSolutionNode = FALSE
	EndGlobalSection
	GlobalSection(NestedProjects) = preSolution
		{805A74E4-3EEA-41BE-95E9-03C9063F4C2E} = {A04CFD48-6FCD-4620-9823-70692E61E429}
		{E7DE2F32-29B1-4102-AE1B-9732BFCA6BFD} = {A04CFD48-6FCD-4620-9823-70692E61E429}
		{5BE57F91-9692-47A0-84CA-0E0775A51073} = {A04CFD48-6FCD-4620-9823-70692E61E429}
		{FDD02010-7F0B-4D04-BC0C-9D4A697DDF09} = {A04CFD48-6FCD-4620-9823-70692E61E429}
		{C1CD8F44-3735-4CEC-B175-8BE6A85CD658} = {A04CFD48-6FCD-4620-9823-70692E61E429}
		{8D09263F-53AB-4745-A944-725E5DC3060A} = {A04CFD48-6FCD-4620-9823-70692E61E429}
		{23BC2A14-7BC5-4419-B724-D43267678E45} = {A04CFD48-6FCD-4620-9823-70692E61E429}
		{299AB051-B972-47C4-8B97-B7D935C599B8} = {DE348433-0D0F-4B6B-A9AB-65F7547C3D32}
		{E65BB3C2-ADE6-4F17-A5B5-AD1CE90AB9C3} = {A04CFD48-6FCD-4620-9823-70692E61E429}
		{B8F3C2A5-1D4E-4F9A-9B3C-7E6D8F2A1B5C} = {A04CFD48-6FCD-4620-9823-70692E61E429}
	EndGlobalSection
EndGlobal
